
Microsoft Visual Studio Solution File, Format Version 12.00
# Visual Studio Version 17
VisualStudioVersion = 17.8.34316.72
MinimumVisualStudioVersion = 10.0.40219.1
Project("{FAE04EC0-301F-11D3-BF4B-00C04F79EFBC}") = "Blazor-AuthorApp", "Blazor-AuthorApp\Blazor-AuthorApp.csproj", "{FA54DD12-6A41-48F7-8DEA-8296D3AB83EC}"
EndProject
Global
	GlobalSection(SolutionConfigurationPlatforms) = preSolution
		Debug|Any CPU = Debug|Any CPU
		Release|Any CPU = Release|Any CPU
	EndGlobalSection
	GlobalSection(ProjectConfigurationPlatforms) = postSolution
		{FA54DD12-6A41-48F7-8DEA-8296D3AB83EC}.Debug|Any CPU.ActiveCfg = Debug|Any CPU
		{FA54DD12-6A41-48F7-8DEA-8296D3AB83EC}.Debug|Any CPU.Build.0 = Debug|Any CPU
		{FA54DD12-6A41-48F7-8DEA-8296D3AB83EC}.Release|Any CPU.ActiveCfg = Release|Any CPU
		{FA54DD12-6A41-48F7-8DEA-8296D3AB83EC}.Release|Any CPU.Build.0 = Release|Any CPU
	EndGlobalSection
	GlobalSection(SolutionProperties) = preSolution
		HideSolutionNode = FALSE
	EndGlobalSection
	GlobalSection(ExtensibilityGlobals) = postSolution
		SolutionGuid = {A07297C0-9441-4B28-90A3-414599E4C32E}
	EndGlobalSection
EndGlobal
